<?xml version="1.0" encoding="utf-8"?>
<Project ToolsVersion="4.0" xmlns="http://schemas.microsoft.com/developer/msbuild/2003">
  <ItemGroup>
    <Filter Include="Source Files">
      <UniqueIdentifier>{4FC737F1-C7A5-4376-A066-2A32D752A2FF}</UniqueIdentifier>
      <Extensions>cpp;c;cc;cxx;def;odl;idl;hpj;bat;asm;asmx</Extensions>
    </Filter>
    <Filter Include="Source Files\input">
      <UniqueIdentifier>{39a6dc39-4c93-4130-a163-e9c21798bda0}</UniqueIdentifier>
    </Filter>
    <Filter Include="Source Files\output">
      <UniqueIdentifier>{cc7bd7ea-27ce-4594-831e-baa876c8b14f}</UniqueIdentifier>
    </Filter>
    <Filter Include="Source Files\players">
      <UniqueIdentifier>{93a75ea4-4e8b-4e15-a4c8-234425831db6}</UniqueIdentifier>
    </Filter>
    <Filter Include="Source Files\negamax">
      <UniqueIdentifier>{7aec6fb9-611e-4aed-8e8b-317ca4b0289f}</UniqueIdentifier>
    </Filter>
    <Filter Include="Source Files\game">
      <UniqueIdentifier>{71701246-754f-48b3-837d-6853a931d81a}</UniqueIdentifier>
    </Filter>
  </ItemGroup>
  <ItemGroup>
    <ClInclude Include="game\game.h">
      <Filter>Source Files\game</Filter>
    </ClInclude>
    <ClInclude Include="input\console_input_manager.h">
      <Filter>Source Files\input</Filter>
    </ClInclude>
    <ClInclude Include="input\i_input_manager.h">
      <Filter>Source Files\input</Filter>
    </ClInclude>
    <ClInclude Include="negamax\board_state.h">
      <Filter>Source Files\negamax</Filter>
    </ClInclude>
    <ClInclude Include="negamax\node.h">
      <Filter>Source Files\negamax</Filter>
    </ClInclude>
    <ClInclude Include="negamax\tree.h">
      <Filter>Source Files\negamax</Filter>
    </ClInclude>
    <ClInclude Include="negamax\types.h">
      <Filter>Source Files\negamax</Filter>
    </ClInclude>
    <ClInclude Include="output\console_render.h">
      <Filter>Source Files\output</Filter>
    </ClInclude>
    <ClInclude Include="output\i_render.h">
      <Filter>Source Files\output</Filter>
    </ClInclude>
    <ClInclude Include="players\ai_player.h">
      <Filter>Source Files\players</Filter>
    </ClInclude>
    <ClInclude Include="players\human_player.h">
      <Filter>Source Files\players</Filter>
    </ClInclude>
    <ClInclude Include="players\i_player.h">
      <Filter>Source Files\players</Filter>
    </ClInclude>
    <ClInclude Include="stdafx.h">
      <Filter>Source Files</Filter>
    </ClInclude>
  </ItemGroup>
  <ItemGroup>
    <ClCompile Include="stdafx.cpp">
      <Filter>Source Files</Filter>
    </ClCompile>
    <ClCompile Include="main.cpp">
      <Filter>Source Files</Filter>
    </ClCompile>
    <ClCompile Include="input\console_input_manager.cpp">
      <Filter>Source Files\input</Filter>
    </ClCompile>
    <ClCompile Include="output\console_render.cpp">
      <Filter>Source Files\output</Filter>
    </ClCompile>
    <ClCompile Include="players\ai_player.cpp">
      <Filter>Source Files\players</Filter>
    </ClCompile>
    <ClCompile Include="players\human_player.cpp">
      <Filter>Source Files\players</Filter>
    </ClCompile>
    <ClCompile Include="negamax\board_state.cpp">
      <Filter>Source Files\negamax</Filter>
    </ClCompile>
    <ClCompile Include="negamax\node.cpp">
      <Filter>Source Files\negamax</Filter>
    </ClCompile>
    <ClCompile Include="negamax\tree.cpp">
      <Filter>Source Files\negamax</Filter>
    </ClCompile>
    <ClCompile Include="game\game.cpp">
      <Filter>Source Files\game</Filter>
    </ClCompile>
  </ItemGroup>
</Project>